
Microsoft Visual Studio Solution File, Format Version 12.00
# Visual Studio Version 16
VisualStudioVersion = 16.0.31005.135
MinimumVisualStudioVersion = 10.0.40219.1
Project("{FAE04EC0-301F-11D3-BF4B-00C04F79EFBC}") = "Parking", "Parking\Parking.csproj", "{B399E0EA-6A44-4B1C-9B02-4C04A635F57D}"
EndProject
Project("{FAE04EC0-301F-11D3-BF4B-00C04F79EFBC}") = "DataAccess", "DataAccess\DataAccess.csproj", "{375AC050-8129-478D-A83A-147DF1196B85}"
EndProject
Project("{FAE04EC0-301F-11D3-BF4B-00C04F79EFBC}") = "BLL", "BLL\BLL.csproj", "{D4B67D4D-0D2F-464A-8B41-5D97C31E6AFA}"
EndProject
Global
	GlobalSection(SolutionConfigurationPlatforms) = preSolution
		Debug|Any CPU = Debug|Any CPU
		Release|Any CPU = Release|Any CPU
	EndGlobalSection
	GlobalSection(ProjectConfigurationPlatforms) = postSolution
		{B399E0EA-6A44-4B1C-9B02-4C04A635F57D}.Debug|Any CPU.ActiveCfg = Debug|Any CPU
		{B399E0EA-6A44-4B1C-9B02-4C04A635F57D}.Debug|Any CPU.Build.0 = Debug|Any CPU
		{B399E0EA-6A44-4B1C-9B02-4C04A635F57D}.Release|Any CPU.ActiveCfg = Release|Any CPU
		{B399E0EA-6A44-4B1C-9B02-4C04A635F57D}.Release|Any CPU.Build.0 = Release|Any CPU
		{375AC050-8129-478D-A83A-147DF1196B85}.Debug|Any CPU.ActiveCfg = Debug|Any CPU
		{375AC050-8129-478D-A83A-147DF1196B85}.Debug|Any CPU.Build.0 = Debug|Any CPU
		{375AC050-8129-478D-A83A-147DF1196B85}.Release|Any CPU.ActiveCfg = Release|Any CPU
		{375AC050-8129-478D-A83A-147DF1196B85}.Release|Any CPU.Build.0 = Release|Any CPU
		{D4B67D4D-0D2F-464A-8B41-5D97C31E6AFA}.Debug|Any CPU.ActiveCfg = Debug|Any CPU
		{D4B67D4D-0D2F-464A-8B41-5D97C31E6AFA}.Debug|Any CPU.Build.0 = Debug|Any CPU
		{D4B67D4D-0D2F-464A-8B41-5D97C31E6AFA}.Release|Any CPU.ActiveCfg = Release|Any CPU
		{D4B67D4D-0D2F-464A-8B41-5D97C31E6AFA}.Release|Any CPU.Build.0 = Release|Any CPU
	EndGlobalSection
	GlobalSection(SolutionProperties) = preSolution
		HideSolutionNode = FALSE
	EndGlobalSection
	GlobalSection(ExtensibilityGlobals) = postSolution
		SolutionGuid = {E4CC3848-C090-41D9-9BD8-E51C954B7A19}
	EndGlobalSection
EndGlobal
